// !$*UTF8*$!
{
	archiveVersion = 1;
	classes = {
	};
	objectVersion = 46;
	objects = {

/* Begin PBXBuildFile section */
		8D3BD3C41E4C4FDE00EE05B6 /* main.m in Sources */ = {isa = PBXBuildFile; fileRef = 8D3BD3C31E4C4FDE00EE05B6 /* main.m */; };
		8D3BD3C71E4C4FDE00EE05B6 /* AppDelegate.m in Sources */ = {isa = PBXBuildFile; fileRef = 8D3BD3C61E4C4FDE00EE05B6 /* AppDelegate.m */; };
		8D3BD3CA1E4C4FDE00EE05B6 /* ViewController.m in Sources */ = {isa = PBXBuildFile; fileRef = 8D3BD3C91E4C4FDE00EE05B6 /* ViewController.m */; };
		8D3BD3CD1E4C4FDE00EE05B6 /* Main.storyboard in Resources */ = {isa = PBXBuildFile; fileRef = 8D3BD3CB1E4C4FDE00EE05B6 /* Main.storyboard */; };
		8D3BD3CF1E4C4FDE00EE05B6 /* Assets.xcassets in Resources */ = {isa = PBXBuildFile; fileRef = 8D3BD3CE1E4C4FDE00EE05B6 /* Assets.xcassets */; };
		8D3BD3D21E4C4FDE00EE05B6 /* LaunchScreen.storyboard in Resources */ = {isa = PBXBuildFile; fileRef = 8D3BD3D01E4C4FDE00EE05B6 /* LaunchScreen.storyboard */; };
/* End PBXBuildFile section */

/* Begin PBXFileReference section */
		8D3BD3BF1E4C4FDE00EE05B6 /* Second Chapter－闭包.app */ = {isa = PBXFileReference; explicitFileType = wrapper.application; includeInIndex = 0; path = "Second Chapter－闭包.app"; sourceTree = BUILT_PRODUCTS_DIR; };
		8D3BD3C31E4C4FDE00EE05B6 /* main.m */ = {isa = PBXFileReference; lastKnownFileType = sourcecode.c.objc; path = main.m; sourceTree = "<group>"; };
		8D3BD3C51E4C4FDE00EE05B6 /* AppDelegate.h */ = {isa = PBXFileReference; lastKnownFileType = sourcecode.c.h; path = AppDelegate.h; sourceTree = "<group>"; };
		8D3BD3C61E4C4FDE00EE05B6 /* AppDelegate.m */ = {isa = PBXFileReference; lastKnownFileType = sourcecode.c.objc; path = AppDelegate.m; sourceTree = "<group>"; };
		8D3BD3C81E4C4FDE00EE05B6 /* ViewController.h */ = {isa = PBXFileReference; lastKnownFileType = sourcecode.c.h; path = ViewController.h; sourceTree = "<group>"; };
		8D3BD3C91E4C4FDE00EE05B6 /* ViewController.m */ = {isa = PBXFileReference; lastKnownFileType = sourcecode.c.objc; path = ViewController.m; sourceTree = "<group>"; };
		8D3BD3CC1E4C4FDE00EE05B6 /* Base */ = {isa = PBXFileReference; lastKnownFileType = file.storyboard; name = Base; path = Base.lproj/Main.storyboard; sourceTree = "<group>"; };
		8D3BD3CE1E4C4FDE00EE05B6 /* Assets.xcassets */ = {isa = PBXFileReference; lastKnownFileType = folder.assetcatalog; path = Assets.xcassets; sourceTree = "<group>"; };
		8D3BD3D11E4C4FDE00EE05B6 /* Base */ = {isa = PBXFileReference; lastKnownFileType = file.storyboard; name = Base; path = Base.lproj/LaunchScreen.storyboard; sourceTree = "<group>"; };
		8D3BD3D31E4C4FDE00EE05B6 /* Info.plist */ = {isa = PBXFileReference; lastKnownFileType = text.plist.xml; path = Info.plist; sourceTree = "<group>"; };
		8D3BD3DA1E4C50B100EE05B6 /* 闭包.playground */ = {isa = PBXFileReference; lastKnownFileType = file.playground; path = "闭包.playground"; sourceTree = "<group>"; };
		8D3BD3DB1E4C525C00EE05B6 /* 闭包表达式.playground */ = {isa = PBXFileReference; lastKnownFileType = file.playground; path = "闭包表达式.playground"; sourceTree = "<group>"; };
		8D3BD3DC1E4C562400EE05B6 /* 闭包表达式语法.playground */ = {isa = PBXFileReference; lastKnownFileType = file.playground; path = "闭包表达式语法.playground"; sourceTree = "<group>"; };
		8D3BD3DD1E4C5AE900EE05B6 /* 根据上下文推断类型.playground */ = {isa = PBXFileReference; lastKnownFileType = file.playground; path = "根据上下文推断类型.playground"; sourceTree = "<group>"; };
/* End PBXFileReference section */

/* Begin PBXFrameworksBuildPhase section */
		8D3BD3BC1E4C4FDE00EE05B6 /* Frameworks */ = {
			isa = PBXFrameworksBuildPhase;
			buildActionMask = 2147483647;
			files = (
			);
			runOnlyForDeploymentPostprocessing = 0;
		};
/* End PBXFrameworksBuildPhase section */

/* Begin PBXGroup section */
		8D3BD3B61E4C4FDE00EE05B6 = {
			isa = PBXGroup;
			children = (
				8D3BD3C11E4C4FDE00EE05B6 /* Second Chapter－闭包 */,
				8D3BD3C01E4C4FDE00EE05B6 /* Products */,
			);
			sourceTree = "<group>";
		};
		8D3BD3C01E4C4FDE00EE05B6 /* Products */ = {
			isa = PBXGroup;
			children = (
				8D3BD3BF1E4C4FDE00EE05B6 /* Second Chapter－闭包.app */,
			);
			name = Products;
			sourceTree = "<group>";
		};
		8D3BD3C11E4C4FDE00EE05B6 /* Second Chapter－闭包 */ = {
			isa = PBXGroup;
			children = (
				8D3BD3D91E4C4FEC00EE05B6 /* 闭包 */,
				8D3BD3C51E4C4FDE00EE05B6 /* AppDelegate.h */,
				8D3BD3C61E4C4FDE00EE05B6 /* AppDelegate.m */,
				8D3BD3C81E4C4FDE00EE05B6 /* ViewController.h */,
				8D3BD3C91E4C4FDE00EE05B6 /* ViewController.m */,
				8D3BD3CB1E4C4FDE00EE05B6 /* Main.storyboard */,
				8D3BD3CE1E4C4FDE00EE05B6 /* Assets.xcassets */,
				8D3BD3D01E4C4FDE00EE05B6 /* LaunchScreen.storyboard */,
				8D3BD3D31E4C4FDE00EE05B6 /* Info.plist */,
				8D3BD3C21E4C4FDE00EE05B6 /* Supporting Files */,
			);
			path = "Second Chapter－闭包";
			sourceTree = "<group>";
		};
		8D3BD3C21E4C4FDE00EE05B6 /* Supporting Files */ = {
			isa = PBXGroup;
			children = (
				8D3BD3C31E4C4FDE00EE05B6 /* main.m */,
			);
			name = "Supporting Files";
			sourceTree = "<group>";
		};
		8D3BD3D91E4C4FEC00EE05B6 /* 闭包 */ = {
			isa = PBXGroup;
			children = (
				8D3BD3DA1E4C50B100EE05B6 /* 闭包.playground */,
				8D3BD3DB1E4C525C00EE05B6 /* 闭包表达式.playground */,
				8D3BD3DC1E4C562400EE05B6 /* 闭包表达式语法.playground */,
				8D3BD3DD1E4C5AE900EE05B6 /* 根据上下文推断类型.playground */,
			);
			path = "闭包";
			sourceTree = "<group>";
		};
/* End PBXGroup section */

/* Begin PBXNativeTarget section */
		8D3BD3BE1E4C4FDE00EE05B6 /* Second Chapter－闭包 */ = {
			isa = PBXNativeTarget;
			buildConfigurationList = 8D3BD3D61E4C4FDE00EE05B6 /* Build configuration list for PBXNativeTarget "Second Chapter－闭包" */;
			buildPhases = (
				8D3BD3BB1E4C4FDE00EE05B6 /* Sources */,
				8D3BD3BC1E4C4FDE00EE05B6 /* Frameworks */,
				8D3BD3BD1E4C4FDE00EE05B6 /* Resources */,
			);
			buildRules = (
			);
			dependencies = (
			);
			name = "Second Chapter－闭包";
			productName = "Second Chapter－闭包";
			productReference = 8D3BD3BF1E4C4FDE00EE05B6 /* Second Chapter－闭包.app */;
			productType = "com.apple.product-type.application";
		};
/* End PBXNativeTarget section */

/* Begin PBXProject section */
		8D3BD3B71E4C4FDE00EE05B6 /* Project object */ = {
			isa = PBXProject;
			attributes = {
				LastUpgradeCheck = 0820;
				ORGANIZATIONNAME = "姜书伦";
				TargetAttributes = {
					8D3BD3BE1E4C4FDE00EE05B6 = {
						CreatedOnToolsVersion = 8.2;
						ProvisioningStyle = Automatic;
					};
				};
			};
			buildConfigurationList = 8D3BD3BA1E4C4FDE00EE05B6 /* Build configuration list for PBXProject "Second Chapter－闭包" */;
			compatibilityVersion = "Xcode 3.2";
			developmentRegion = English;
			hasScannedForEncodings = 0;
			knownRegions = (
				en,
				Base,
			);
			mainGroup = 8D3BD3B61E4C4FDE00EE05B6;
			productRefGroup = 8D3BD3C01E4C4FDE00EE05B6 /* Products */;
			projectDirPath = "";
			projectRoot = "";
			targets = (
				8D3BD3BE1E4C4FDE00EE05B6 /* Second Chapter－闭包 */,
			);
		};
/* End PBXProject section */

/* Begin PBXResourcesBuildPhase section */
		8D3BD3BD1E4C4FDE00EE05B6 /* Resources */ = {
			isa = PBXResourcesBuildPhase;
			buildActionMask = 2147483647;
			files = (
				8D3BD3D21E4C4FDE00EE05B6 /* LaunchScreen.storyboard in Resources */,
				8D3BD3CF1E4C4FDE00EE05B6 /* Assets.xcassets in Resources */,
				8D3BD3CD1E4C4FDE00EE05B6 /* Main.storyboard in Resources */,
			);
			runOnlyForDeploymentPostprocessing = 0;
		};
/* End PBXResourcesBuildPhase section */

/* Begin PBXSourcesBuildPhase section */
		8D3BD3BB1E4C4FDE00EE05B6 /* Sources */ = {
			isa = PBXSourcesBuildPhase;
			buildActionMask = 2147483647;
			files = (
				8D3BD3CA1E4C4FDE00EE05B6 /* ViewController.m in Sources */,
				8D3BD3C71E4C4FDE00EE05B6 /* AppDelegate.m in Sources */,
				8D3BD3C41E4C4FDE00EE05B6 /* main.m in Sources */,
			);
			runOnlyForDeploymentPostprocessing = 0;
		};
/* End PBXSourcesBuildPhase section */

/* Begin PBXVariantGroup section */
		8D3BD3CB1E4C4FDE00EE05B6 /* Main.storyboard */ = {
			isa = PBXVariantGroup;
			children = (
				8D3BD3CC1E4C4FDE00EE05B6 /* Base */,
			);
			name = Main.storyboard;
			sourceTree = "<group>";
		};
		8D3BD3D01E4C4FDE00EE05B6 /* LaunchScreen.storyboard */ = {
			isa = PBXVariantGroup;
			children = (
				8D3BD3D11E4C4FDE00EE05B6 /* Base */,
			);
			name = LaunchScreen.storyboard;
			sourceTree = "<group>";
		};
/* End PBXVariantGroup section */

/* Begin XCBuildConfiguration section */
		8D3BD3D41E4C4FDE00EE05B6 /* Debug */ = {
			isa = XCBuildConfiguration;
			buildSettings = {
				ALWAYS_SEARCH_USER_PATHS = NO;
				CLANG_ANALYZER_NONNULL = YES;
				CLANG_CXX_LANGUAGE_STANDARD = "gnu++0x";
				CLANG_CXX_LIBRARY = "libc++";
				CLANG_ENABLE_MODULES = YES;
				CLANG_ENABLE_OBJC_ARC = YES;
				CLANG_WARN_BOOL_CONVERSION = YES;
				CLANG_WARN_CONSTANT_CONVERSION = YES;
				CLANG_WARN_DIRECT_OBJC_ISA_USAGE = YES_ERROR;
				CLANG_WARN_DOCUMENTATION_COMMENTS = YES;
				CLANG_WARN_EMPTY_BODY = YES;
				CLANG_WARN_ENUM_CONVERSION = YES;
				CLANG_WARN_INFINITE_RECURSION = YES;
				CLANG_WARN_INT_CONVERSION = YES;
				CLANG_WARN_OBJC_ROOT_CLASS = YES_ERROR;
				CLANG_WARN_SUSPICIOUS_MOVE = YES;
				CLANG_WARN_UNREACHABLE_CODE = YES;
				CLANG_WARN__DUPLICATE_METHOD_MATCH = YES;
				"CODE_SIGN_IDENTITY[sdk=iphoneos*]" = "iPhone Developer";
				COPY_PHASE_STRIP = NO;
				DEBUG_INFORMATION_FORMAT = dwarf;
				ENABLE_STRICT_OBJC_MSGSEND = YES;
				ENABLE_TESTABILITY = YES;
				GCC_C_LANGUAGE_STANDARD = gnu99;
				GCC_DYNAMIC_NO_PIC = NO;
				GCC_NO_COMMON_BLOCKS = YES;
				GCC_OPTIMIZATION_LEVEL = 0;
				GCC_PREPROCESSOR_DEFINITIONS = (
					"DEBUG=1",
					"$(inherited)",
				);
				GCC_WARN_64_TO_32_BIT_CONVERSION = YES;
				GCC_WARN_ABOUT_RETURN_TYPE = YES_ERROR;
				GCC_WARN_UNDECLARED_SELECTOR = YES;
				GCC_WARN_UNINITIALIZED_AUTOS = YES_AGGRESSIVE;
				GCC_WARN_UNUSED_FUNCTION = YES;
				GCC_WARN_UNUSED_VARIABLE = YES;
				IPHONEOS_DEPLOYMENT_TARGET = 10.2;
				MTL_ENABLE_DEBUG_INFO = YES;
				ONLY_ACTIVE_ARCH = YES;
				SDKROOT = iphoneos;
			};
			name = Debug;
		};
		8D3BD3D51E4C4FDE00EE05B6 /* Release */ = {
			isa = XCBuildConfiguration;
			buildSettings = {
				ALWAYS_SEARCH_USER_PATHS = NO;
				CLANG_ANALYZER_NONNULL = YES;
				CLANG_CXX_LANGUAGE_STANDARD = "gnu++0x";
				CLANG_CXX_LIBRARY = "libc++";
				CLANG_ENABLE_MODULES = YES;
				CLANG_ENABLE_OBJC_ARC = YES;
				CLANG_WARN_BOOL_CONVERSION = YES;
				CLANG_WARN_CONSTANT_CONVERSION = YES;
				CLANG_WARN_DIRECT_OBJC_ISA_USAGE = YES_ERROR;
				CLANG_WARN_DOCUMENTATION_COMMENTS = YES;
				CLANG_WARN_EMPTY_BODY = YES;
				CLANG_WARN_ENUM_CONVERSION = YES;
				CLANG_WARN_INFINITE_RECURSION = YES;
				CLANG_WARN_INT_CONVERSION = YES;
				CLANG_WARN_OBJC_ROOT_CLASS = YES_ERROR;
				CLANG_WARN_SUSPICIOUS_MOVE = YES;
				CLANG_WARN_UNREACHABLE_CODE = YES;
				CLANG_WARN__DUPLICATE_METHOD_MATCH = YES;
				"CODE_SIGN_IDENTITY[sdk=iphoneos*]" = "iPhone Developer";
				COPY_PHASE_STRIP = NO;
				DEBUG_INFORMATION_FORMAT = "dwarf-with-dsym";
				ENABLE_NS_ASSERTIONS = NO;
				ENABLE_STRICT_OBJC_MSGSEND = YES;
				GCC_C_LANGUAGE_STANDARD = gnu99;
				GCC_NO_COMMON_BLOCKS = YES;
				GCC_WARN_64_TO_32_BIT_CONVERSION = YES;
				GCC_WARN_ABOUT_RETURN_TYPE = YES_ERROR;
				GCC_WARN_UNDECLARED_SELECTOR = YES;
				GCC_WARN_UNINITIALIZED_AUTOS = YES_AGGRESSIVE;
				GCC_WARN_UNUSED_FUNCTION = YES;
				GCC_WARN_UNUSED_VARIABLE = YES;
				IPHONEOS_DEPLOYMENT_TARGET = 10.2;
				MTL_ENABLE_DEBUG_INFO = NO;
				SDKROOT = iphoneos;
				VALIDATE_PRODUCT = YES;
			};
			name = Release;
		};
		8D3BD3D71E4C4FDE00EE05B6 /* Debug */ = {
			isa = XCBuildConfiguration;
			buildSettings = {
				ASSETCATALOG_COMPILER_APPICON_NAME = AppIcon;
				INFOPLIST_FILE = "Second Chapter－闭包/Info.plist";
				LD_RUNPATH_SEARCH_PATHS = "$(inherited) @executable_path/Frameworks";
				PRODUCT_BUNDLE_IDENTIFIER = "Ebao.Second-Chapter---";
				PRODUCT_NAME = "$(TARGET_NAME)";
			};
			name = Debug;
		};
		8D3BD3D81E4C4FDE00EE05B6 /* Release */ = {
			isa = XCBuildConfiguration;
			buildSettings = {
				ASSETCATALOG_COMPILER_APPICON_NAME = AppIcon;
				INFOPLIST_FILE = "Second Chapter－闭包/Info.plist";
				LD_RUNPATH_SEARCH_PATHS = "$(inherited) @executable_path/Frameworks";
				PRODUCT_BUNDLE_IDENTIFIER = "Ebao.Second-Chapter---";
				PRODUCT_NAME = "$(TARGET_NAME)";
			};
			name = Release;
		};
/* End XCBuildConfiguration section */

/* Begin XCConfigurationList section */
		8D3BD3BA1E4C4FDE00EE05B6 /* Build configuration list for PBXProject "Second Chapter－闭包" */ = {
			isa = XCConfigurationList;
			buildConfigurations = (
				8D3BD3D41E4C4FDE00EE05B6 /* Debug */,
				8D3BD3D51E4C4FDE00EE05B6 /* Release */,
			);
			defaultConfigurationIsVisible = 0;
			defaultConfigurationName = Release;
		};
		8D3BD3D61E4C4FDE00EE05B6 /* Build configuration list for PBXNativeTarget "Second Chapter－闭包" */ = {
			isa = XCConfigurationList;
			buildConfigurations = (
				8D3BD3D71E4C4FDE00EE05B6 /* Debug */,
				8D3BD3D81E4C4FDE00EE05B6 /* Release */,
			);
			defaultConfigurationIsVisible = 0;
		};
/* End XCConfigurationList section */
	};
	rootObject = 8D3BD3B71E4C4FDE00EE05B6 /* Project object */;
}
